Microsoft Visual Studio Solution File, Format Version 12.00
# Visual Studio Version 17
VisualStudioVersion = 17.5.2.0
MinimumVisualStudioVersion = 10.0.40219.1
Project("{FAE04EC0-301F-11D3-BF4B-00C04F79EFBC}") = "MauiTestWebApp", "MauiTestWebApp.csproj", "{EA423EFC-928A-10B3-5EE8-D0D1E744ABE8}"
EndProject
Global
	GlobalSection(SolutionConfigurationPlatforms) = preSolution
		Debug|Any CPU = Debug|Any CPU
		Release|Any CPU = Release|Any CPU
	EndGlobalSection
	GlobalSection(ProjectConfigurationPlatforms) = postSolution
		{EA423EFC-928A-10B3-5EE8-D0D1E744ABE8}.Debug|Any CPU.ActiveCfg = Debug|Any CPU
		{EA423EFC-928A-10B3-5EE8-D0D1E744ABE8}.Debug|Any CPU.Build.0 = Debug|Any CPU
		{EA423EFC-928A-10B3-5EE8-D0D1E744ABE8}.Release|Any CPU.ActiveCfg = Release|Any CPU
		{EA423EFC-928A-10B3-5EE8-D0D1E744ABE8}.Release|Any CPU.Build.0 = Release|Any CPU
	EndGlobalSection
	GlobalSection(SolutionProperties) = preSolution
		HideSolutionNode = FALSE
	EndGlobalSection
	GlobalSection(ExtensibilityGlobals) = postSolution
		SolutionGuid = {EC0DF2BB-DC17-428A-804E-F2C426520575}
	EndGlobalSection
EndGlobal
